# This file is automatically @generated by Cargo.
# It is not intended for manual editing.
version = 4

[[package]]
name = "chromium_rust_http_header_scanner"
version = "0.1.0"

[[package]]
name = "chromium_rust_mojo_validator"
version = "0.1.0"

[[package]]
name = "chromium_rust_perf_ffi_static"
version = "0.1.0"
dependencies = [
 "chromium_rust_http_header_scanner",
 "chromium_rust_mojo_validator",
 "chromium_rust_url_canonicalizer",
]

[[package]]
name = "chromium_rust_url_canonicalizer"
version = "0.1.0"
